// !$*UTF8*$!
{
	archiveVersion = 1;
	classes = {
	};
	objectVersion = 46;
	objects = {

/* Begin PBXBuildFile section */
		21743BE91B2130C9008E500A /* main.m in Sources */ = {isa = PBXBuildFile; fileRef = 21743BE81B2130C9008E500A /* main.m */; };
		21743BEC1B2130C9008E500A /* AppDelegate.m in Sources */ = {isa = PBXBuildFile; fileRef = 21743BEB1B2130C9008E500A /* AppDelegate.m */; };
		21743BEF1B2130C9008E500A /* ViewController.m in Sources */ = {isa = PBXBuildFile; fileRef = 21743BEE1B2130C9008E500A /* ViewController.m */; };
		21743BF21B2130C9008E500A /* Main.storyboard in Resources */ = {isa = PBXBuildFile; fileRef = 21743BF01B2130C9008E500A /* Main.storyboard */; };
		21743BF41B2130C9008E500A /* Images.xcassets in Resources */ = {isa = PBXBuildFile; fileRef = 21743BF31B2130C9008E500A /* Images.xcassets */; };
		21743BF71B2130C9008E500A /* LaunchScreen.xib in Resources */ = {isa = PBXBuildFile; fileRef = 21743BF51B2130C9008E500A /* LaunchScreen.xib */; };
		21743C031B2130C9008E500A /* datepickertestTests.m in Sources */ = {isa = PBXBuildFile; fileRef = 21743C021B2130C9008E500A /* datepickertestTests.m */; };
/* End PBXBuildFile section */

/* Begin PBXContainerItemProxy section */
		21743BFD1B2130C9008E500A /* PBXContainerItemProxy */ = {
			isa = PBXContainerItemProxy;
			containerPortal = 21743BDB1B2130C9008E500A /* Project object */;
			proxyType = 1;
			remoteGlobalIDString = 21743BE21B2130C9008E500A;
			remoteInfo = datepickertest;
		};
/* End PBXContainerItemProxy section */

/* Begin PBXFileReference section */
		21743BE31B2130C9008E500A /* datepickertest.app */ = {isa = PBXFileReference; explicitFileType = wrapper.application; includeInIndex = 0; path = datepickertest.app; sourceTree = BUILT_PRODUCTS_DIR; };
		21743BE71B2130C9008E500A /* Info.plist */ = {isa = PBXFileReference; lastKnownFileType = text.plist.xml; path = Info.plist; sourceTree = "<group>"; };
		21743BE81B2130C9008E500A /* main.m */ = {isa = PBXFileReference; lastKnownFileType = sourcecode.c.objc; path = main.m; sourceTree = "<group>"; };
		21743BEA1B2130C9008E500A /* AppDelegate.h */ = {isa = PBXFileReference; lastKnownFileType = sourcecode.c.h; path = AppDelegate.h; sourceTree = "<group>"; };
		21743BEB1B2130C9008E500A /* AppDelegate.m */ = {isa = PBXFileReference; lastKnownFileType = sourcecode.c.objc; path = AppDelegate.m; sourceTree = "<group>"; };
		21743BED1B2130C9008E500A /* ViewController.h */ = {isa = PBXFileReference; lastKnownFileType = sourcecode.c.h; path = ViewController.h; sourceTree = "<group>"; };
		21743BEE1B2130C9008E500A /* ViewController.m */ = {isa = PBXFileReference; lastKnownFileType = sourcecode.c.objc; path = ViewController.m; sourceTree = "<group>"; };
		21743BF11B2130C9008E500A /* Base */ = {isa = PBXFileReference; lastKnownFileType = file.storyboard; name = Base; path = Base.lproj/Main.storyboard; sourceTree = "<group>"; };
		21743BF31B2130C9008E500A /* Images.xcassets */ = {isa = PBXFileReference; lastKnownFileType = folder.assetcatalog; path = Images.xcassets; sourceTree = "<group>"; };
		21743BF61B2130C9008E500A /* Base */ = {isa = PBXFileReference; lastKnownFileType = file.xib; name = Base; path = Base.lproj/LaunchScreen.xib; sourceTree = "<group>"; };
		21743BFC1B2130C9008E500A /* datepickertestTests.xctest */ = {isa = PBXFileReference; explicitFileType = wrapper.cfbundle; includeInIndex = 0; path = datepickertestTests.xctest; sourceTree = BUILT_PRODUCTS_DIR; };
		21743C011B2130C9008E500A /* Info.plist */ = {isa = PBXFileReference; lastKnownFileType = text.plist.xml; path = Info.plist; sourceTree = "<group>"; };
		21743C021B2130C9008E500A /* datepickertestTests.m */ = {isa = PBXFileReference; lastKnownFileType = sourcecode.c.objc; path = datepickertestTests.m; sourceTree = "<group>"; };
/* End PBXFileReference section */

/* Begin PBXFrameworksBuildPhase section */
		21743BE01B2130C9008E500A /* Frameworks */ = {
			isa = PBXFrameworksBuildPhase;
			buildActionMask = 2147483647;
			files = (
			);
			runOnlyForDeploymentPostprocessing = 0;
		};
		21743BF91B2130C9008E500A /* Frameworks */ = {
			isa = PBXFrameworksBuildPhase;
			buildActionMask = 2147483647;
			files = (
			);
			runOnlyForDeploymentPostprocessing = 0;
		};
/* End PBXFrameworksBuildPhase section */

/* Begin PBXGroup section */
		21743BDA1B2130C9008E500A = {
			isa = PBXGroup;
			children = (
				21743BE51B2130C9008E500A /* datepickertest */,
				21743BFF1B2130C9008E500A /* datepickertestTests */,
				21743BE41B2130C9008E500A /* Products */,
			);
			sourceTree = "<group>";
		};
		21743BE41B2130C9008E500A /* Products */ = {
			isa = PBXGroup;
			children = (
				21743BE31B2130C9008E500A /* datepickertest.app */,
				21743BFC1B2130C9008E500A /* datepickertestTests.xctest */,
			);
			name = Products;
			sourceTree = "<group>";
		};
		21743BE51B2130C9008E500A /* datepickertest */ = {
			isa = PBXGroup;
			children = (
				21743BEA1B2130C9008E500A /* AppDelegate.h */,
				21743BEB1B2130C9008E500A /* AppDelegate.m */,
				21743BED1B2130C9008E500A /* ViewController.h */,
				21743BEE1B2130C9008E500A /* ViewController.m */,
				21743BF01B2130C9008E500A /* Main.storyboard */,
				21743BF31B2130C9008E500A /* Images.xcassets */,
				21743BF51B2130C9008E500A /* LaunchScreen.xib */,
				21743BE61B2130C9008E500A /* Supporting Files */,
			);
			path = datepickertest;
			sourceTree = "<group>";
		};
		21743BE61B2130C9008E500A /* Supporting Files */ = {
			isa = PBXGroup;
			children = (
				21743BE71B2130C9008E500A /* Info.plist */,
				21743BE81B2130C9008E500A /* main.m */,
			);
			name = "Supporting Files";
			sourceTree = "<group>";
		};
		21743BFF1B2130C9008E500A /* datepickertestTests */ = {
			isa = PBXGroup;
			children = (
				21743C021B2130C9008E500A /* datepickertestTests.m */,
				21743C001B2130C9008E500A /* Supporting Files */,
			);
			path = datepickertestTests;
			sourceTree = "<group>";
		};
		21743C001B2130C9008E500A /* Supporting Files */ = {
			isa = PBXGroup;
			children = (
				21743C011B2130C9008E500A /* Info.plist */,
			);
			name = "Supporting Files";
			sourceTree = "<group>";
		};
/* End PBXGroup section */

/* Begin PBXNativeTarget section */
		21743BE21B2130C9008E500A /* datepickertest */ = {
			isa = PBXNativeTarget;
			buildConfigurationList = 21743C061B2130C9008E500A /* Build configuration list for PBXNativeTarget "datepickertest" */;
			buildPhases = (
				21743BDF1B2130C9008E500A /* Sources */,
				21743BE01B2130C9008E500A /* Frameworks */,
				21743BE11B2130C9008E500A /* Resources */,
			);
			buildRules = (
			);
			dependencies = (
			);
			name = datepickertest;
			productName = datepickertest;
			productReference = 21743BE31B2130C9008E500A /* datepickertest.app */;
			productType = "com.apple.product-type.application";
		};
		21743BFB1B2130C9008E500A /* datepickertestTests */ = {
			isa = PBXNativeTarget;
			buildConfigurationList = 21743C091B2130C9008E500A /* Build configuration list for PBXNativeTarget "datepickertestTests" */;
			buildPhases = (
				21743BF81B2130C9008E500A /* Sources */,
				21743BF91B2130C9008E500A /* Frameworks */,
				21743BFA1B2130C9008E500A /* Resources */,
			);
			buildRules = (
			);
			dependencies = (
				21743BFE1B2130C9008E500A /* PBXTargetDependency */,
			);
			name = datepickertestTests;
			productName = datepickertestTests;
			productReference = 21743BFC1B2130C9008E500A /* datepickertestTests.xctest */;
			productType = "com.apple.product-type.bundle.unit-test";
		};
/* End PBXNativeTarget section */

/* Begin PBXProject section */
		21743BDB1B2130C9008E500A /* Project object */ = {
			isa = PBXProject;
			attributes = {
				LastUpgradeCheck = 0630;
				ORGANIZATIONNAME = "Applied Project Experience";
				TargetAttributes = {
					21743BE21B2130C9008E500A = {
						CreatedOnToolsVersion = 6.3.2;
					};
					21743BFB1B2130C9008E500A = {
						CreatedOnToolsVersion = 6.3.2;
						TestTargetID = 21743BE21B2130C9008E500A;
					};
				};
			};
			buildConfigurationList = 21743BDE1B2130C9008E500A /* Build configuration list for PBXProject "datepickertest" */;
			compatibilityVersion = "Xcode 3.2";
			developmentRegion = English;
			hasScannedForEncodings = 0;
			knownRegions = (
				en,
				Base,
			);
			mainGroup = 21743BDA1B2130C9008E500A;
			productRefGroup = 21743BE41B2130C9008E500A /* Products */;
			projectDirPath = "";
			projectRoot = "";
			targets = (
				21743BE21B2130C9008E500A /* datepickertest */,
				21743BFB1B2130C9008E500A /* datepickertestTests */,
			);
		};
/* End PBXProject section */

/* Begin PBXResourcesBuildPhase section */
		21743BE11B2130C9008E500A /* Resources */ = {
			isa = PBXResourcesBuildPhase;
			buildActionMask = 2147483647;
			files = (
				21743BF21B2130C9008E500A /* Main.storyboard in Resources */,
				21743BF71B2130C9008E500A /* LaunchScreen.xib in Resources */,
				21743BF41B2130C9008E500A /* Images.xcassets in Resources */,
			);
			runOnlyForDeploymentPostprocessing = 0;
		};
		21743BFA1B2130C9008E500A /* Resources */ = {
			isa = PBXResourcesBuildPhase;
			buildActionMask = 2147483647;
			files = (
			);
			runOnlyForDeploymentPostprocessing = 0;
		};
/* End PBXResourcesBuildPhase section */

/* Begin PBXSourcesBuildPhase section */
		21743BDF1B2130C9008E500A /* Sources */ = {
			isa = PBXSourcesBuildPhase;
			buildActionMask = 2147483647;
			files = (
				21743BEF1B2130C9008E500A /* ViewController.m in Sources */,
				21743BEC1B2130C9008E500A /* AppDelegate.m in Sources */,
				21743BE91B2130C9008E500A /* main.m in Sources */,
			);
			runOnlyForDeploymentPostprocessing = 0;
		};
		21743BF81B2130C9008E500A /* Sources */ = {
			isa = PBXSourcesBuildPhase;
			buildActionMask = 2147483647;
			files = (
				21743C031B2130C9008E500A /* datepickertestTests.m in Sources */,
			);
			runOnlyForDeploymentPostprocessing = 0;
		};
/* End PBXSourcesBuildPhase section */

/* Begin PBXTargetDependency section */
		21743BFE1B2130C9008E500A /* PBXTargetDependency */ = {
			isa = PBXTargetDependency;
			target = 21743BE21B2130C9008E500A /* datepickertest */;
			targetProxy = 21743BFD1B2130C9008E500A /* PBXContainerItemProxy */;
		};
/* End PBXTargetDependency section */

/* Begin PBXVariantGroup section */
		21743BF01B2130C9008E500A /* Main.storyboard */ = {
			isa = PBXVariantGroup;
			children = (
				21743BF11B2130C9008E500A /* Base */,
			);
			name = Main.storyboard;
			sourceTree = "<group>";
		};
		21743BF51B2130C9008E500A /* LaunchScreen.xib */ = {
			isa = PBXVariantGroup;
			children = (
				21743BF61B2130C9008E500A /* Base */,
			);
			name = LaunchScreen.xib;
			sourceTree = "<group>";
		};
/* End PBXVariantGroup section */

/* Begin XCBuildConfiguration section */
		21743C041B2130C9008E500A /* Debug */ = {
			isa = XCBuildConfiguration;
			buildSettings = {
				ALWAYS_SEARCH_USER_PATHS = NO;
				CLANG_CXX_LANGUAGE_STANDARD = "gnu++0x";
				CLANG_CXX_LIBRARY = "libc++";
				CLANG_ENABLE_MODULES = YES;
				CLANG_ENABLE_OBJC_ARC = YES;
				CLANG_WARN_BOOL_CONVERSION = YES;
				CLANG_WARN_CONSTANT_CONVERSION = YES;
				CLANG_WARN_DIRECT_OBJC_ISA_USAGE = YES_ERROR;
				CLANG_WARN_EMPTY_BODY = YES;
				CLANG_WARN_ENUM_CONVERSION = YES;
				CLANG_WARN_INT_CONVERSION = YES;
				CLANG_WARN_OBJC_ROOT_CLASS = YES_ERROR;
				CLANG_WARN_UNREACHABLE_CODE = YES;
				CLANG_WARN__DUPLICATE_METHOD_MATCH = YES;
				"CODE_SIGN_IDENTITY[sdk=iphoneos*]" = "iPhone Developer";
				COPY_PHASE_STRIP = NO;
				DEBUG_INFORMATION_FORMAT = "dwarf-with-dsym";
				ENABLE_STRICT_OBJC_MSGSEND = YES;
				GCC_C_LANGUAGE_STANDARD = gnu99;
				GCC_DYNAMIC_NO_PIC = NO;
				GCC_NO_COMMON_BLOCKS = YES;
				GCC_OPTIMIZATION_LEVEL = 0;
				GCC_PREPROCESSOR_DEFINITIONS = (
					"DEBUG=1",
					"$(inherited)",
				);
				GCC_SYMBOLS_PRIVATE_EXTERN = NO;
				GCC_WARN_64_TO_32_BIT_CONVERSION = YES;
				GCC_WARN_ABOUT_RETURN_TYPE = YES_ERROR;
				GCC_WARN_UNDECLARED_SELECTOR = YES;
				GCC_WARN_UNINITIALIZED_AUTOS = YES_AGGRESSIVE;
				GCC_WARN_UNUSED_FUNCTION = YES;
				GCC_WARN_UNUSED_VARIABLE = YES;
				IPHONEOS_DEPLOYMENT_TARGET = 8.3;
				MTL_ENABLE_DEBUG_INFO = YES;
				ONLY_ACTIVE_ARCH = YES;
				SDKROOT = iphoneos;
				TARGETED_DEVICE_FAMILY = 2;
			};
			name = Debug;
		};
		21743C051B2130C9008E500A /* Release */ = {
			isa = XCBuildConfiguration;
			buildSettings = {
				ALWAYS_SEARCH_USER_PATHS = NO;
				CLANG_CXX_LANGUAGE_STANDARD = "gnu++0x";
				CLANG_CXX_LIBRARY = "libc++";
				CLANG_ENABLE_MODULES = YES;
				CLANG_ENABLE_OBJC_ARC = YES;
				CLANG_WARN_BOOL_CONVERSION = YES;
				CLANG_WARN_CONSTANT_CONVERSION = YES;
				CLANG_WARN_DIRECT_OBJC_ISA_USAGE = YES_ERROR;
				CLANG_WARN_EMPTY_BODY = YES;
				CLANG_WARN_ENUM_CONVERSION = YES;
				CLANG_WARN_INT_CONVERSION = YES;
				CLANG_WARN_OBJC_ROOT_CLASS = YES_ERROR;
				CLANG_WARN_UNREACHABLE_CODE = YES;
				CLANG_WARN__DUPLICATE_METHOD_MATCH = YES;
				"CODE_SIGN_IDENTITY[sdk=iphoneos*]" = "iPhone Developer";
				COPY_PHASE_STRIP = NO;
				DEBUG_INFORMATION_FORMAT = "dwarf-with-dsym";
				ENABLE_NS_ASSERTIONS = NO;
				ENABLE_STRICT_OBJC_MSGSEND = YES;
				GCC_C_LANGUAGE_STANDARD = gnu99;
				GCC_NO_COMMON_BLOCKS = YES;
				GCC_WARN_64_TO_32_BIT_CONVERSION = YES;
				GCC_WARN_ABOUT_RETURN_TYPE = YES_ERROR;
				GCC_WARN_UNDECLARED_SELECTOR = YES;
				GCC_WARN_UNINITIALIZED_AUTOS = YES_AGGRESSIVE;
				GCC_WARN_UNUSED_FUNCTION = YES;
				GCC_WARN_UNUSED_VARIABLE = YES;
				IPHONEOS_DEPLOYMENT_TARGET = 8.3;
				MTL_ENABLE_DEBUG_INFO = NO;
				SDKROOT = iphoneos;
				TARGETED_DEVICE_FAMILY = 2;
				VALIDATE_PRODUCT = YES;
			};
			name = Release;
		};
		21743C071B2130C9008E500A /* Debug */ = {
			isa = XCBuildConfiguration;
			buildSettings = {
				ASSETCATALOG_COMPILER_APPICON_NAME = AppIcon;
				INFOPLIST_FILE = datepickertest/Info.plist;
				LD_RUNPATH_SEARCH_PATHS = "$(inherited) @executable_path/Frameworks";
				PRODUCT_NAME = "$(TARGET_NAME)";
			};
			name = Debug;
		};
		21743C081B2130C9008E500A /* Release */ = {
			isa = XCBuildConfiguration;
			buildSettings = {
				ASSETCATALOG_COMPILER_APPICON_NAME = AppIcon;
				INFOPLIST_FILE = datepickertest/Info.plist;
				LD_RUNPATH_SEARCH_PATHS = "$(inherited) @executable_path/Frameworks";
				PRODUCT_NAME = "$(TARGET_NAME)";
			};
			name = Release;
		};
		21743C0A1B2130C9008E500A /* Debug */ = {
			isa = XCBuildConfiguration;
			buildSettings = {
				BUNDLE_LOADER = "$(TEST_HOST)";
				FRAMEWORK_SEARCH_PATHS = (
					"$(SDKROOT)/Developer/Library/Frameworks",
					"$(inherited)",
				);
				GCC_PREPROCESSOR_DEFINITIONS = (
					"DEBUG=1",
					"$(inherited)",
				);
				INFOPLIST_FILE = datepickertestTests/Info.plist;
				LD_RUNPATH_SEARCH_PATHS = "$(inherited) @executable_path/Frameworks @loader_path/Frameworks";
				PRODUCT_NAME = "$(TARGET_NAME)";
				TEST_HOST = "$(BUILT_PRODUCTS_DIR)/datepickertest.app/datepickertest";
			};
			name = Debug;
		};
		21743C0B1B2130C9008E500A /* Release */ = {
			isa = XCBuildConfiguration;
			buildSettings = {
				BUNDLE_LOADER = "$(TEST_HOST)";
				FRAMEWORK_SEARCH_PATHS = (
					"$(SDKROOT)/Developer/Library/Frameworks",
					"$(inherited)",
				);
				INFOPLIST_FILE = datepickertestTests/Info.plist;
				LD_RUNPATH_SEARCH_PATHS = "$(inherited) @executable_path/Frameworks @loader_path/Frameworks";
				PRODUCT_NAME = "$(TARGET_NAME)";
				TEST_HOST = "$(BUILT_PRODUCTS_DIR)/datepickertest.app/datepickertest";
			};
			name = Release;
		};
/* End XCBuildConfiguration section */

/* Begin XCConfigurationList section */
		21743BDE1B2130C9008E500A /* Build configuration list for PBXProject "datepickertest" */ = {
			isa = XCConfigurationList;
			buildConfigurations = (
				21743C041B2130C9008E500A /* Debug */,
				21743C051B2130C9008E500A /* Release */,
			);
			defaultConfigurationIsVisible = 0;
			defaultConfigurationName = Release;
		};
		21743C061B2130C9008E500A /* Build configuration list for PBXNativeTarget "datepickertest" */ = {
			isa = XCConfigurationList;
			buildConfigurations = (
				21743C071B2130C9008E500A /* Debug */,
				21743C081B2130C9008E500A /* Release */,
			);
			defaultConfigurationIsVisible = 0;
		};
		21743C091B2130C9008E500A /* Build configuration list for PBXNativeTarget "datepickertestTests" */ = {
			isa = XCConfigurationList;
			buildConfigurations = (
				21743C0A1B2130C9008E500A /* Debug */,
				21743C0B1B2130C9008E500A /* Release */,
			);
			defaultConfigurationIsVisible = 0;
		};
/* End XCConfigurationList section */
	};
	rootObject = 21743BDB1B2130C9008E500A /* Project object */;
}
